// !$*UTF8*$!
{
	archiveVersion = 1;
	classes = {
	};
	objectVersion = 46;
	objects = {

/* Begin PBXBuildFile section */
		9E0D4304A1267921A93B2B5A /* Pods_PetFinder.framework in Frameworks */ = {isa = PBXBuildFile; fileRef = C37382B7FCAA98AB19C352F5 /* Pods_PetFinder.framework */; };
		DF1F6D341EA70EC8000E66A2 /* AppDelegate.swift in Sources */ = {isa = PBXBuildFile; fileRef = DF1F6D331EA70EC8000E66A2 /* AppDelegate.swift */; };
		DF1F6D361EA70EC8000E66A2 /* ViewController.swift in Sources */ = {isa = PBXBuildFile; fileRef = DF1F6D351EA70EC8000E66A2 /* ViewController.swift */; };
		DF1F6D391EA70EC8000E66A2 /* Main.storyboard in Resources */ = {isa = PBXBuildFile; fileRef = DF1F6D371EA70EC8000E66A2 /* Main.storyboard */; };
		DF1F6D3B1EA70EC8000E66A2 /* Assets.xcassets in Resources */ = {isa = PBXBuildFile; fileRef = DF1F6D3A1EA70EC8000E66A2 /* Assets.xcassets */; };
		DF1F6D3E1EA70EC8000E66A2 /* LaunchScreen.storyboard in Resources */ = {isa = PBXBuildFile; fileRef = DF1F6D3C1EA70EC8000E66A2 /* LaunchScreen.storyboard */; };
		DF40E0A31EA7987F00851D6A /* Info.plist in Resources */ = {isa = PBXBuildFile; fileRef = DF1F6D3F1EA70EC8000E66A2 /* Info.plist */; };
		DF40E0A51EA79A3900851D6A /* PetCollectionViewController.swift in Sources */ = {isa = PBXBuildFile; fileRef = DF40E0A41EA79A3900851D6A /* PetCollectionViewController.swift */; };
		DF40E0A71EA79A5600851D6A /* PetCollectionViewCell.swift in Sources */ = {isa = PBXBuildFile; fileRef = DF40E0A61EA79A5600851D6A /* PetCollectionViewCell.swift */; };
/* End PBXBuildFile section */

/* Begin PBXFileReference section */
		3CECF371499708FBAF4F1F9F /* Pods-PetFinder.release.xcconfig */ = {isa = PBXFileReference; includeInIndex = 1; lastKnownFileType = text.xcconfig; name = "Pods-PetFinder.release.xcconfig"; path = "Pods/Target Support Files/Pods-PetFinder/Pods-PetFinder.release.xcconfig"; sourceTree = "<group>"; };
		B4E831B854E81C80133EEE14 /* Pods-PetFinder.debug.xcconfig */ = {isa = PBXFileReference; includeInIndex = 1; lastKnownFileType = text.xcconfig; name = "Pods-PetFinder.debug.xcconfig"; path = "Pods/Target Support Files/Pods-PetFinder/Pods-PetFinder.debug.xcconfig"; sourceTree = "<group>"; };
		C37382B7FCAA98AB19C352F5 /* Pods_PetFinder.framework */ = {isa = PBXFileReference; explicitFileType = wrapper.framework; includeInIndex = 0; path = Pods_PetFinder.framework; sourceTree = BUILT_PRODUCTS_DIR; };
		DF1F6D301EA70EC8000E66A2 /* PetFinder.app */ = {isa = PBXFileReference; explicitFileType = wrapper.application; includeInIndex = 0; path = PetFinder.app; sourceTree = BUILT_PRODUCTS_DIR; };
		DF1F6D331EA70EC8000E66A2 /* AppDelegate.swift */ = {isa = PBXFileReference; lastKnownFileType = sourcecode.swift; path = AppDelegate.swift; sourceTree = "<group>"; };
		DF1F6D351EA70EC8000E66A2 /* ViewController.swift */ = {isa = PBXFileReference; lastKnownFileType = sourcecode.swift; path = ViewController.swift; sourceTree = "<group>"; };
		DF1F6D381EA70EC8000E66A2 /* Base */ = {isa = PBXFileReference; lastKnownFileType = file.storyboard; name = Base; path = Base.lproj/Main.storyboard; sourceTree = "<group>"; };
		DF1F6D3A1EA70EC8000E66A2 /* Assets.xcassets */ = {isa = PBXFileReference; lastKnownFileType = folder.assetcatalog; path = Assets.xcassets; sourceTree = "<group>"; };
		DF1F6D3D1EA70EC8000E66A2 /* Base */ = {isa = PBXFileReference; lastKnownFileType = file.storyboard; name = Base; path = Base.lproj/LaunchScreen.storyboard; sourceTree = "<group>"; };
		DF1F6D3F1EA70EC8000E66A2 /* Info.plist */ = {isa = PBXFileReference; lastKnownFileType = text.plist.xml; path = Info.plist; sourceTree = "<group>"; };
		DF40E0A41EA79A3900851D6A /* PetCollectionViewController.swift */ = {isa = PBXFileReference; fileEncoding = 4; lastKnownFileType = sourcecode.swift; path = PetCollectionViewController.swift; sourceTree = "<group>"; };
		DF40E0A61EA79A5600851D6A /* PetCollectionViewCell.swift */ = {isa = PBXFileReference; fileEncoding = 4; lastKnownFileType = sourcecode.swift; path = PetCollectionViewCell.swift; sourceTree = "<group>"; };
/* End PBXFileReference section */

/* Begin PBXFrameworksBuildPhase section */
		DF1F6D2D1EA70EC8000E66A2 /* Frameworks */ = {
			isa = PBXFrameworksBuildPhase;
			buildActionMask = 2147483647;
			files = (
				9E0D4304A1267921A93B2B5A /* Pods_PetFinder.framework in Frameworks */,
			);
			runOnlyForDeploymentPostprocessing = 0;
		};
/* End PBXFrameworksBuildPhase section */

/* Begin PBXGroup section */
		7672280A74C78C803FAC5A2E /* Pods */ = {
			isa = PBXGroup;
			children = (
				B4E831B854E81C80133EEE14 /* Pods-PetFinder.debug.xcconfig */,
				3CECF371499708FBAF4F1F9F /* Pods-PetFinder.release.xcconfig */,
			);
			name = Pods;
			sourceTree = "<group>";
		};
		B52FF723E6D81E4E570CE594 /* Frameworks */ = {
			isa = PBXGroup;
			children = (
				C37382B7FCAA98AB19C352F5 /* Pods_PetFinder.framework */,
			);
			name = Frameworks;
			sourceTree = "<group>";
		};
		DF1F6D271EA70EC8000E66A2 = {
			isa = PBXGroup;
			children = (
				DF1F6D321EA70EC8000E66A2 /* PetFinder */,
				DF1F6D311EA70EC8000E66A2 /* Products */,
				7672280A74C78C803FAC5A2E /* Pods */,
				B52FF723E6D81E4E570CE594 /* Frameworks */,
			);
			sourceTree = "<group>";
		};
		DF1F6D311EA70EC8000E66A2 /* Products */ = {
			isa = PBXGroup;
			children = (
				DF1F6D301EA70EC8000E66A2 /* PetFinder.app */,
			);
			name = Products;
			sourceTree = "<group>";
		};
		DF1F6D321EA70EC8000E66A2 /* PetFinder */ = {
			isa = PBXGroup;
			children = (
				DF1F6D331EA70EC8000E66A2 /* AppDelegate.swift */,
				DF1F6D351EA70EC8000E66A2 /* ViewController.swift */,
				DF40E0A61EA79A5600851D6A /* PetCollectionViewCell.swift */,
				DF40E0A41EA79A3900851D6A /* PetCollectionViewController.swift */,
				DF1F6D371EA70EC8000E66A2 /* Main.storyboard */,
				DF1F6D3A1EA70EC8000E66A2 /* Assets.xcassets */,
				DF1F6D3C1EA70EC8000E66A2 /* LaunchScreen.storyboard */,
				DF1F6D3F1EA70EC8000E66A2 /* Info.plist */,
			);
			path = PetFinder;
			sourceTree = "<group>";
		};
/* End PBXGroup section */

/* Begin PBXNativeTarget section */
		DF1F6D2F1EA70EC8000E66A2 /* PetFinder */ = {
			isa = PBXNativeTarget;
			buildConfigurationList = DF1F6D421EA70EC8000E66A2 /* Build configuration list for PBXNativeTarget "PetFinder" */;
			buildPhases = (
				983B8F02C80DCD4EF9A5413E /* [CP] Check Pods Manifest.lock */,
				DF1F6D2C1EA70EC8000E66A2 /* Sources */,
				DF1F6D2D1EA70EC8000E66A2 /* Frameworks */,
				DF1F6D2E1EA70EC8000E66A2 /* Resources */,
				66CEE0CFFD5D149BF036B20A /* [CP] Embed Pods Frameworks */,
				71CE5D1177BC3504B72C276C /* [CP] Copy Pods Resources */,
			);
			buildRules = (
			);
			dependencies = (
			);
			name = PetFinder;
			productName = PetFinder;
			productReference = DF1F6D301EA70EC8000E66A2 /* PetFinder.app */;
			productType = "com.apple.product-type.application";
		};
/* End PBXNativeTarget section */

/* Begin PBXProject section */
		DF1F6D281EA70EC8000E66A2 /* Project object */ = {
			isa = PBXProject;
			attributes = {
				LastSwiftUpdateCheck = 0830;
				LastUpgradeCheck = 0830;
				ORGANIZATIONNAME = "Cheng Jung Chen";
				TargetAttributes = {
					DF1F6D2F1EA70EC8000E66A2 = {
						CreatedOnToolsVersion = 8.3.1;
						ProvisioningStyle = Automatic;
					};
				};
			};
			buildConfigurationList = DF1F6D2B1EA70EC8000E66A2 /* Build configuration list for PBXProject "PetFinder" */;
			compatibilityVersion = "Xcode 3.2";
			developmentRegion = English;
			hasScannedForEncodings = 0;
			knownRegions = (
				en,
				Base,
			);
			mainGroup = DF1F6D271EA70EC8000E66A2;
			productRefGroup = DF1F6D311EA70EC8000E66A2 /* Products */;
			projectDirPath = "";
			projectRoot = "";
			targets = (
				DF1F6D2F1EA70EC8000E66A2 /* PetFinder */,
			);
		};
/* End PBXProject section */

/* Begin PBXResourcesBuildPhase section */
		DF1F6D2E1EA70EC8000E66A2 /* Resources */ = {
			isa = PBXResourcesBuildPhase;
			buildActionMask = 2147483647;
			files = (
				DF40E0A31EA7987F00851D6A /* Info.plist in Resources */,
				DF1F6D3E1EA70EC8000E66A2 /* LaunchScreen.storyboard in Resources */,
				DF1F6D3B1EA70EC8000E66A2 /* Assets.xcassets in Resources */,
				DF1F6D391EA70EC8000E66A2 /* Main.storyboard in Resources */,
			);
			runOnlyForDeploymentPostprocessing = 0;
		};
/* End PBXResourcesBuildPhase section */

/* Begin PBXShellScriptBuildPhase section */
		66CEE0CFFD5D149BF036B20A /* [CP] Embed Pods Frameworks */ = {
			isa = PBXShellScriptBuildPhase;
			buildActionMask = 2147483647;
			files = (
			);
			inputPaths = (
			);
			name = "[CP] Embed Pods Frameworks";
			outputPaths = (
			);
			runOnlyForDeploymentPostprocessing = 0;
			shellPath = /bin/sh;
			shellScript = "\"${SRCROOT}/Pods/Target Support Files/Pods-PetFinder/Pods-PetFinder-frameworks.sh\"\n";
			showEnvVarsInLog = 0;
		};
		71CE5D1177BC3504B72C276C /* [CP] Copy Pods Resources */ = {
			isa = PBXShellScriptBuildPhase;
			buildActionMask = 2147483647;
			files = (
			);
			inputPaths = (
			);
			name = "[CP] Copy Pods Resources";
			outputPaths = (
			);
			runOnlyForDeploymentPostprocessing = 0;
			shellPath = /bin/sh;
			shellScript = "\"${SRCROOT}/Pods/Target Support Files/Pods-PetFinder/Pods-PetFinder-resources.sh\"\n";
			showEnvVarsInLog = 0;
		};
		983B8F02C80DCD4EF9A5413E /* [CP] Check Pods Manifest.lock */ = {
			isa = PBXShellScriptBuildPhase;
			buildActionMask = 2147483647;
			files = (
			);
			inputPaths = (
			);
			name = "[CP] Check Pods Manifest.lock";
			outputPaths = (
			);
			runOnlyForDeploymentPostprocessing = 0;
			shellPath = /bin/sh;
			shellScript = "diff \"${PODS_ROOT}/../Podfile.lock\" \"${PODS_ROOT}/Manifest.lock\" > /dev/null\nif [ $? != 0 ] ; then\n    # print error to STDERR\n    echo \"error: The sandbox is not in sync with the Podfile.lock. Run 'pod install' or update your CocoaPods installation.\" >&2\n    exit 1\nfi\n";
			showEnvVarsInLog = 0;
		};
/* End PBXShellScriptBuildPhase section */

/* Begin PBXSourcesBuildPhase section */
		DF1F6D2C1EA70EC8000E66A2 /* Sources */ = {
			isa = PBXSourcesBuildPhase;
			buildActionMask = 2147483647;
			files = (
				DF1F6D361EA70EC8000E66A2 /* ViewController.swift in Sources */,
				DF1F6D341EA70EC8000E66A2 /* AppDelegate.swift in Sources */,
				DF40E0A71EA79A5600851D6A /* PetCollectionViewCell.swift in Sources */,
				DF40E0A51EA79A3900851D6A /* PetCollectionViewController.swift in Sources */,
			);
			runOnlyForDeploymentPostprocessing = 0;
		};
/* End PBXSourcesBuildPhase section */

/* Begin PBXVariantGroup section */
		DF1F6D371EA70EC8000E66A2 /* Main.storyboard */ = {
			isa = PBXVariantGroup;
			children = (
				DF1F6D381EA70EC8000E66A2 /* Base */,
			);
			name = Main.storyboard;
			sourceTree = "<group>";
		};
		DF1F6D3C1EA70EC8000E66A2 /* LaunchScreen.storyboard */ = {
			isa = PBXVariantGroup;
			children = (
				DF1F6D3D1EA70EC8000E66A2 /* Base */,
			);
			name = LaunchScreen.storyboard;
			sourceTree = "<group>";
		};
/* End PBXVariantGroup section */

/* Begin XCBuildConfiguration section */
		DF1F6D401EA70EC8000E66A2 /* Debug */ = {
			isa = XCBuildConfiguration;
			buildSettings = {
				ALWAYS_SEARCH_USER_PATHS = NO;
				CLANG_ANALYZER_NONNULL = YES;
				CLANG_ANALYZER_NUMBER_OBJECT_CONVERSION = YES_AGGRESSIVE;
				CLANG_CXX_LANGUAGE_STANDARD = "gnu++0x";
				CLANG_CXX_LIBRARY = "libc++";
				CLANG_ENABLE_MODULES = YES;
				CLANG_ENABLE_OBJC_ARC = YES;
				CLANG_WARN_BOOL_CONVERSION = YES;
				CLANG_WARN_CONSTANT_CONVERSION = YES;
				CLANG_WARN_DIRECT_OBJC_ISA_USAGE = YES_ERROR;
				CLANG_WARN_DOCUMENTATION_COMMENTS = YES;
				CLANG_WARN_EMPTY_BODY = YES;
				CLANG_WARN_ENUM_CONVERSION = YES;
				CLANG_WARN_INFINITE_RECURSION = YES;
				CLANG_WARN_INT_CONVERSION = YES;
				CLANG_WARN_OBJC_ROOT_CLASS = YES_ERROR;
				CLANG_WARN_SUSPICIOUS_MOVE = YES;
				CLANG_WARN_UNREACHABLE_CODE = YES;
				CLANG_WARN__DUPLICATE_METHOD_MATCH = YES;
				"CODE_SIGN_IDENTITY[sdk=iphoneos*]" = "iPhone Developer";
				COPY_PHASE_STRIP = NO;
				DEBUG_INFORMATION_FORMAT = dwarf;
				ENABLE_STRICT_OBJC_MSGSEND = YES;
				ENABLE_TESTABILITY = YES;
				GCC_C_LANGUAGE_STANDARD = gnu99;
				GCC_DYNAMIC_NO_PIC = NO;
				GCC_NO_COMMON_BLOCKS = YES;
				GCC_OPTIMIZATION_LEVEL = 0;
				GCC_PREPROCESSOR_DEFINITIONS = (
					"DEBUG=1",
					"$(inherited)",
				);
				GCC_WARN_64_TO_32_BIT_CONVERSION = YES;
				GCC_WARN_ABOUT_RETURN_TYPE = YES_ERROR;
				GCC_WARN_UNDECLARED_SELECTOR = YES;
				GCC_WARN_UNINITIALIZED_AUTOS = YES_AGGRESSIVE;
				GCC_WARN_UNUSED_FUNCTION = YES;
				GCC_WARN_UNUSED_VARIABLE = YES;
				IPHONEOS_DEPLOYMENT_TARGET = 10.3;
				MTL_ENABLE_DEBUG_INFO = YES;
				ONLY_ACTIVE_ARCH = YES;
				SDKROOT = iphoneos;
				SWIFT_ACTIVE_COMPILATION_CONDITIONS = DEBUG;
				SWIFT_OPTIMIZATION_LEVEL = "-Onone";
				TARGETED_DEVICE_FAMILY = "1,2";
			};
			name = Debug;
		};
		DF1F6D411EA70EC8000E66A2 /* Release */ = {
			isa = XCBuildConfiguration;
			buildSettings = {
				ALWAYS_SEARCH_USER_PATHS = NO;
				CLANG_ANALYZER_NONNULL = YES;
				CLANG_ANALYZER_NUMBER_OBJECT_CONVERSION = YES_AGGRESSIVE;
				CLANG_CXX_LANGUAGE_STANDARD = "gnu++0x";
				CLANG_CXX_LIBRARY = "libc++";
				CLANG_ENABLE_MODULES = YES;
				CLANG_ENABLE_OBJC_ARC = YES;
				CLANG_WARN_BOOL_CONVERSION = YES;
				CLANG_WARN_CONSTANT_CONVERSION = YES;
				CLANG_WARN_DIRECT_OBJC_ISA_USAGE = YES_ERROR;
				CLANG_WARN_DOCUMENTATION_COMMENTS = YES;
				CLANG_WARN_EMPTY_BODY = YES;
				CLANG_WARN_ENUM_CONVERSION = YES;
				CLANG_WARN_INFINITE_RECURSION = YES;
				CLANG_WARN_INT_CONVERSION = YES;
				CLANG_WARN_OBJC_ROOT_CLASS = YES_ERROR;
				CLANG_WARN_SUSPICIOUS_MOVE = YES;
				CLANG_WARN_UNREACHABLE_CODE = YES;
				CLANG_WARN__DUPLICATE_METHOD_MATCH = YES;
				"CODE_SIGN_IDENTITY[sdk=iphoneos*]" = "iPhone Developer";
				COPY_PHASE_STRIP = NO;
				DEBUG_INFORMATION_FORMAT = "dwarf-with-dsym";
				ENABLE_NS_ASSERTIONS = NO;
				ENABLE_STRICT_OBJC_MSGSEND = YES;
				GCC_C_LANGUAGE_STANDARD = gnu99;
				GCC_NO_COMMON_BLOCKS = YES;
				GCC_WARN_64_TO_32_BIT_CONVERSION = YES;
				GCC_WARN_ABOUT_RETURN_TYPE = YES_ERROR;
				GCC_WARN_UNDECLARED_SELECTOR = YES;
				GCC_WARN_UNINITIALIZED_AUTOS = YES_AGGRESSIVE;
				GCC_WARN_UNUSED_FUNCTION = YES;
				GCC_WARN_UNUSED_VARIABLE = YES;
				IPHONEOS_DEPLOYMENT_TARGET = 10.3;
				MTL_ENABLE_DEBUG_INFO = NO;
				SDKROOT = iphoneos;
				SWIFT_OPTIMIZATION_LEVEL = "-Owholemodule";
				TARGETED_DEVICE_FAMILY = "1,2";
				VALIDATE_PRODUCT = YES;
			};
			name = Release;
		};
		DF1F6D431EA70EC8000E66A2 /* Debug */ = {
			isa = XCBuildConfiguration;
			baseConfigurationReference = B4E831B854E81C80133EEE14 /* Pods-PetFinder.debug.xcconfig */;
			buildSettings = {
				ASSETCATALOG_COMPILER_APPICON_NAME = AppIcon;
				INFOPLIST_FILE = PetFinder/Info.plist;
				LD_RUNPATH_SEARCH_PATHS = "$(inherited) @executable_path/Frameworks";
				PRODUCT_BUNDLE_IDENTIFIER = com.LunkerApp.PetFinder;
				PRODUCT_NAME = "$(TARGET_NAME)";
				SWIFT_VERSION = 3.0;
			};
			name = Debug;
		};
		DF1F6D441EA70EC8000E66A2 /* Release */ = {
			isa = XCBuildConfiguration;
			baseConfigurationReference = 3CECF371499708FBAF4F1F9F /* Pods-PetFinder.release.xcconfig */;
			buildSettings = {
				ASSETCATALOG_COMPILER_APPICON_NAME = AppIcon;
				INFOPLIST_FILE = PetFinder/Info.plist;
				LD_RUNPATH_SEARCH_PATHS = "$(inherited) @executable_path/Frameworks";
				PRODUCT_BUNDLE_IDENTIFIER = com.LunkerApp.PetFinder;
				PRODUCT_NAME = "$(TARGET_NAME)";
				SWIFT_VERSION = 3.0;
			};
			name = Release;
		};
/* End XCBuildConfiguration section */

/* Begin XCConfigurationList section */
		DF1F6D2B1EA70EC8000E66A2 /* Build configuration list for PBXProject "PetFinder" */ = {
			isa = XCConfigurationList;
			buildConfigurations = (
				DF1F6D401EA70EC8000E66A2 /* Debug */,
				DF1F6D411EA70EC8000E66A2 /* Release */,
			);
			defaultConfigurationIsVisible = 0;
			defaultConfigurationName = Release;
		};
		DF1F6D421EA70EC8000E66A2 /* Build configuration list for PBXNativeTarget "PetFinder" */ = {
			isa = XCConfigurationList;
			buildConfigurations = (
				DF1F6D431EA70EC8000E66A2 /* Debug */,
				DF1F6D441EA70EC8000E66A2 /* Release */,
			);
			defaultConfigurationIsVisible = 0;
			defaultConfigurationName = Release;
		};
/* End XCConfigurationList section */
	};
	rootObject = DF1F6D281EA70EC8000E66A2 /* Project object */;
}
